
Microsoft Visual Studio Solution File, Format Version 12.00
# Visual Studio Version 16
VisualStudioVersion = 16.0.31702.278
MinimumVisualStudioVersion = 10.0.40219.1
Project("{FAE04EC0-301F-11D3-BF4B-00C04F79EFBC}") = "D0ZBSJ_4het", "D0ZBSJ_4het\D0ZBSJ_4het.csproj", "{7555DAC2-9917-4146-9A8E-AB2CBBAE7D0C}"
EndProject
Global
	GlobalSection(SolutionConfigurationPlatforms) = preSolution
		Debug|Any CPU = Debug|Any CPU
		Release|Any CPU = Release|Any CPU
	EndGlobalSection
	GlobalSection(ProjectConfigurationPlatforms) = postSolution
		{7555DAC2-9917-4146-9A8E-AB2CBBAE7D0C}.Debug|Any CPU.ActiveCfg = Debug|Any CPU
		{7555DAC2-9917-4146-9A8E-AB2CBBAE7D0C}.Debug|Any CPU.Build.0 = Debug|Any CPU
		{7555DAC2-9917-4146-9A8E-AB2CBBAE7D0C}.Release|Any CPU.ActiveCfg = Release|Any CPU
		{7555DAC2-9917-4146-9A8E-AB2CBBAE7D0C}.Release|Any CPU.Build.0 = Release|Any CPU
	EndGlobalSection
	GlobalSection(SolutionProperties) = preSolution
		HideSolutionNode = FALSE
	EndGlobalSection
	GlobalSection(ExtensibilityGlobals) = postSolution
		SolutionGuid = {B79F4EC6-958F-4390-9389-E5D6C3E82ACC}
	EndGlobalSection
EndGlobal
