
Microsoft Visual Studio Solution File, Format Version 12.00
# Visual Studio Version 16
VisualStudioVersion = 16.0.31702.278
MinimumVisualStudioVersion = 10.0.40219.1
Project("{FAE04EC0-301F-11D3-BF4B-00C04F79EFBC}") = "UserMaintanence", "UserMaintanence\UserMaintanence.csproj", "{79CC8ED6-74A7-48B6-984F-7306F0A74645}"
EndProject
Global
	GlobalSection(SolutionConfigurationPlatforms) = preSolution
		Debug|Any CPU = Debug|Any CPU
		Release|Any CPU = Release|Any CPU
	EndGlobalSection
	GlobalSection(ProjectConfigurationPlatforms) = postSolution
		{79CC8ED6-74A7-48B6-984F-7306F0A74645}.Debug|Any CPU.ActiveCfg = Debug|Any CPU
		{79CC8ED6-74A7-48B6-984F-7306F0A74645}.Debug|Any CPU.Build.0 = Debug|Any CPU
		{79CC8ED6-74A7-48B6-984F-7306F0A74645}.Release|Any CPU.ActiveCfg = Release|Any CPU
		{79CC8ED6-74A7-48B6-984F-7306F0A74645}.Release|Any CPU.Build.0 = Release|Any CPU
	EndGlobalSection
	GlobalSection(SolutionProperties) = preSolution
		HideSolutionNode = FALSE
	EndGlobalSection
	GlobalSection(ExtensibilityGlobals) = postSolution
		SolutionGuid = {02B5531F-A59E-464A-9371-4EDB30F5DB78}
	EndGlobalSection
EndGlobal
